
Microsoft Visual Studio Solution File, Format Version 12.00
# Visual Studio Version 17
VisualStudioVersion = 17.5.33103.201
MinimumVisualStudioVersion = 10.0.40219.1
Project("{FAE04EC0-301F-11D3-BF4B-00C04F79EFBC}") = "tx-create-zugferd", "tx-create-zugferd\tx-create-zugferd.csproj", "{1FB866F7-E86B-49E2-81C6-EE6ADC5CF299}"
EndProject
Global
	GlobalSection(SolutionConfigurationPlatforms) = preSolution
		Debug|Any CPU = Debug|Any CPU
		Release|Any CPU = Release|Any CPU
	EndGlobalSection
	GlobalSection(ProjectConfigurationPlatforms) = postSolution
		{1FB866F7-E86B-49E2-81C6-EE6ADC5CF299}.Debug|Any CPU.ActiveCfg = Debug|Any CPU
		{1FB866F7-E86B-49E2-81C6-EE6ADC5CF299}.Debug|Any CPU.Build.0 = Debug|Any CPU
		{1FB866F7-E86B-49E2-81C6-EE6ADC5CF299}.Release|Any CPU.ActiveCfg = Release|Any CPU
		{1FB866F7-E86B-49E2-81C6-EE6ADC5CF299}.Release|Any CPU.Build.0 = Release|Any CPU
	EndGlobalSection
	GlobalSection(SolutionProperties) = preSolution
		HideSolutionNode = FALSE
	EndGlobalSection
	GlobalSection(ExtensibilityGlobals) = postSolution
		SolutionGuid = {DD3ECE8B-2BFB-470B-AFC4-F01AF4261531}
	EndGlobalSection
EndGlobal
